{
  "lockfileVersion": 1,
  "configVersion": 1,
  "workspaces": {
    "": {
      "dependencies": {
        "better-auth": "^1.6.9",
      },
      "devDependencies": {
        "@types/bun": "latest",
      },
    },
  },
  "packages": {
    "@better-auth/core": ["@better-auth/core@1.6.9", "", { "dependencies": { "@opentelemetry/semantic-conventions": "^1.39.0", "@standard-schema/spec": "^1.1.0", "zod": "^4.3.6" }, "peerDependencies": { "@better-auth/utils": "0.4.0", "@better-fetch/fetch": "1.1.21", "@cloudflare/workers-types": ">=4", "@opentelemetry/api": "^1.9.0", "better-call": "1.3.5", "jose": "^6.1.0", "kysely": "^0.28.5", "nanostores": "^1.0.1" }, "optionalPeers": ["@cloudflare/workers-types", "@opentelemetry/api"] }, "sha512-ADFk5pwmLybmc+LvYvXJ6M1x2oY/EyYLkwLuH0x28FUq12DfjL0wnE7g+WRDf3yozDO+qIxTpFGXDGwLKbfz0w=="],

    "@better-auth/drizzle-adapter": ["@better-auth/drizzle-adapter@1.6.9", "", { "peerDependencies": { "@better-auth/core": "^1.6.9", "@better-auth/utils": "0.4.0", "drizzle-orm": "^0.45.2" }, "optionalPeers": ["drizzle-orm"] }, "sha512-Lcco5hOGrMgc4XKAkvB6x72eQm4wCcya8IevMg4wBHY9W9GVg8pu23rpRX6VsVQSO4Ux13S7lFwUWtF7/r9aKw=="],

    "@better-auth/kysely-adapter": ["@better-auth/kysely-adapter@1.6.9", "", { "peerDependencies": { "@better-auth/core": "^1.6.9", "@better-auth/utils": "0.4.0", "kysely": "^0.28.14" }, "optionalPeers": ["kysely"] }, "sha512-gyjuuxJtZ4o9G9z9q4kqn24X2kvMSp7F+KHogYxF03SnXY/2WleAcuj57iC4wP3e9mGDbjPOrnM5K6Kr3Ktdpw=="],

    "@better-auth/memory-adapter": ["@better-auth/memory-adapter@1.6.9", "", { "peerDependencies": { "@better-auth/core": "^1.6.9", "@better-auth/utils": "0.4.0" } }, "sha512-XmIG4tUnOXZ+KEcWjHUjOI9Z5donD09dC2t/AQTXifAUIqx7cySg86w0KTM09ArzAxRx1fCqO36Wkt5nULnrkQ=="],

    "@better-auth/mongo-adapter": ["@better-auth/mongo-adapter@1.6.9", "", { "peerDependencies": { "@better-auth/core": "^1.6.9", "@better-auth/utils": "0.4.0", "mongodb": "^6.0.0 || ^7.0.0" }, "optionalPeers": ["mongodb"] }, "sha512-h+AiRJ/TsBSi+ZDjySASBpbJ/9QCXBre34PSKgCz7QmTHrFM9Cg2EM4AM7LjR5lPXipEE+2rWPBc9wfnUBjhcw=="],

    "@better-auth/prisma-adapter": ["@better-auth/prisma-adapter@1.6.9", "", { "peerDependencies": { "@better-auth/core": "^1.6.9", "@better-auth/utils": "0.4.0", "@prisma/client": "^5.0.0 || ^6.0.0 || ^7.0.0", "prisma": "^5.0.0 || ^6.0.0 || ^7.0.0" }, "optionalPeers": ["@prisma/client", "prisma"] }, "sha512-XHks01ntK20orqK/jICq8wmEbJ/zT6dct49Fk8zTQKN9QNGDc+Ix5+7z/Kvui0DXGFf790GfvRozquzaLtXa8Q=="],

    "@better-auth/telemetry": ["@better-auth/telemetry@1.6.9", "", { "peerDependencies": { "@better-auth/core": "^1.6.9", "@better-auth/utils": "0.4.0", "@better-fetch/fetch": "1.1.21" } }, "sha512-0u5zkhSCAQFoN3DHvUkLHOF6MBbVTDAa6mU8mhPwiysdz1x21vMzhzfaAKN/ZGWaQ09v91/F+2qu42G/bhUV4A=="],

    "@better-auth/utils": ["@better-auth/utils@0.4.0", "", { "dependencies": { "@noble/hashes": "^2.0.1" } }, "sha512-RpMtLUIQAEWMgdPLNVbIF5ON2mm+CH0U3rCdUCU1VyeAUui4m38DyK7/aXMLZov2YDjG684pS1D0MBllrmgjQA=="],

    "@better-fetch/fetch": ["@better-fetch/fetch@1.1.21", "", {}, "sha512-/ImESw0sskqlVR94jB+5+Pxjf+xBwDZF/N5+y2/q4EqD7IARUTSpPfIo8uf39SYpCxyOCtbyYpUrZ3F/k0zT4A=="],

    "@noble/ciphers": ["@noble/ciphers@2.2.0", "", {}, "sha512-Z6pjIZ/8IJcCGzb2S/0Px5J81yij85xASuk1teLNeg75bfT07MV3a/O2Mtn1I2se43k3lkVEcFaR10N4cgQcZA=="],

    "@noble/hashes": ["@noble/hashes@2.2.0", "", {}, "sha512-IYqDGiTXab6FniAgnSdZwgWbomxpy9FtYvLKs7wCUs2a8RkITG+DFGO1DM9cr+E3/RgADRpFjrKVaJ1z6sjtEg=="],

    "@opentelemetry/semantic-conventions": ["@opentelemetry/semantic-conventions@1.40.0", "", {}, "sha512-cifvXDhcqMwwTlTK04GBNeIe7yyo28Mfby85QXFe1Yk8nmi36Ab/5UQwptOx84SsoGNRg+EVSjwzfSZMy6pmlw=="],

    "@standard-schema/spec": ["@standard-schema/spec@1.1.0", "", {}, "sha512-l2aFy5jALhniG5HgqrD6jXLi/rUWrKvqN/qJx6yoJsgKhblVd+iqqU4RCXavm/jPityDo5TCvKMnpjKnOriy0w=="],

    "@types/bun": ["@types/bun@1.3.13", "", { "dependencies": { "bun-types": "1.3.13" } }, "sha512-9fqXWk5YIHGGnUau9TEi+qdlTYDAnOj+xLCmSTwXfAIqXr2x4tytJb43E9uCvt09zJURKXwAtkoH4nLQfzeTXw=="],

    "@types/node": ["@types/node@25.6.0", "", { "dependencies": { "undici-types": "~7.19.0" } }, "sha512-+qIYRKdNYJwY3vRCZMdJbPLJAtGjQBudzZzdzwQYkEPQd+PJGixUL5QfvCLDaULoLv+RhT3LDkwEfKaAkgSmNQ=="],

    "better-auth": ["better-auth@1.6.9", "", { "dependencies": { "@better-auth/core": "1.6.9", "@better-auth/drizzle-adapter": "1.6.9", "@better-auth/kysely-adapter": "1.6.9", "@better-auth/memory-adapter": "1.6.9", "@better-auth/mongo-adapter": "1.6.9", "@better-auth/prisma-adapter": "1.6.9", "@better-auth/telemetry": "1.6.9", "@better-auth/utils": "0.4.0", "@better-fetch/fetch": "1.1.21", "@noble/ciphers": "^2.1.1", "@noble/hashes": "^2.0.1", "better-call": "1.3.5", "defu": "^6.1.4", "jose": "^6.1.3", "kysely": "^0.28.14", "nanostores": "^1.1.1", "zod": "^4.3.6" }, "peerDependencies": { "@lynx-js/react": "*", "@prisma/client": "^5.0.0 || ^6.0.0 || ^7.0.0", "@sveltejs/kit": "^2.0.0", "@tanstack/react-start": "^1.0.0", "@tanstack/solid-start": "^1.0.0", "better-sqlite3": "^12.0.0", "drizzle-kit": ">=0.31.4", "drizzle-orm": "^0.45.2", "mongodb": "^6.0.0 || ^7.0.0", "mysql2": "^3.0.0", "next": "^14.0.0 || ^15.0.0 || ^16.0.0", "pg": "^8.0.0", "prisma": "^5.0.0 || ^6.0.0 || ^7.0.0", "react": "^18.0.0 || ^19.0.0", "react-dom": "^18.0.0 || ^19.0.0", "solid-js": "^1.0.0", "svelte": "^4.0.0 || ^5.0.0", "vitest": "^2.0.0 || ^3.0.0 || ^4.0.0", "vue": "^3.0.0" }, "optionalPeers": ["@lynx-js/react", "@prisma/client", "@sveltejs/kit", "@tanstack/react-start", "@tanstack/solid-start", "better-sqlite3", "drizzle-kit", "drizzle-orm", "mongodb", "mysql2", "next", "pg", "prisma", "react", "react-dom", "solid-js", "svelte", "vitest", "vue"] }, "sha512-EBFURtglyiEZxbx4NJBoqUD8J65dX24yC+6I9AUbIXNgUkt76mshzGbHkxZ3n/lB7Dwq3kBC+hHt0hUQsnL7HA=="],

    "better-call": ["better-call@1.3.5", "", { "dependencies": { "@better-auth/utils": "^0.4.0", "@better-fetch/fetch": "^1.1.21", "rou3": "^0.7.12", "set-cookie-parser": "^3.0.1" }, "peerDependencies": { "zod": "^4.0.0" }, "optionalPeers": ["zod"] }, "sha512-kOFJkBP7utAQLEYrobZm3vkTH8mXq5GNgvjc5/XEST1ilVHaxXUXfeDeFlqoETMtyqS4+3/h4ONX2i++ebZrvA=="],

    "bun-types": ["bun-types@1.3.13", "", { "dependencies": { "@types/node": "*" } }, "sha512-QXKeHLlOLqQX9LgYaHJfzdBaV21T63HhFJnvuRCcjZiaUDpbs5ED1MgxbMra71CsryN/1dAoXuJJJwIv/2drVA=="],

    "defu": ["defu@6.1.7", "", {}, "sha512-7z22QmUWiQ/2d0KkdYmANbRUVABpZ9SNYyH5vx6PZ+nE5bcC0l7uFvEfHlyld/HcGBFTL536ClDt3DEcSlEJAQ=="],

    "jose": ["jose@6.2.3", "", {}, "sha512-YYVDInQKFJfR/xa3ojUTl8c2KoTwiL1R5Wg9YCydwH0x0B9grbzlg5HC7mMjCtUJjbQ/YnGEZIhI5tCgfTb4Hw=="],

    "kysely": ["kysely@0.28.16", "", {}, "sha512-3i5pmOiZvMDj00qhrIVbH0AnioVTx22DMP7Vn5At4yJO46iy+FM8Y/g61ltenLVSo3fiO8h8Q3QOFgf/gQ72ww=="],

    "nanostores": ["nanostores@1.3.0", "", {}, "sha512-XPUa/jz+P1oJvN9VBxw4L9MtdFfaH3DAryqPssqhb2kXjmb9npz0dly6rCsgFWOPr4Yg9mTfM3MDZgZZ+7A3lA=="],

    "rou3": ["rou3@0.7.12", "", {}, "sha512-iFE4hLDuloSWcD7mjdCDhx2bKcIsYbtOTpfH5MHHLSKMOUyjqQXTeZVa289uuwEGEKFoE/BAPbhaU4B774nceg=="],

    "set-cookie-parser": ["set-cookie-parser@3.1.0", "", {}, "sha512-kjnC1DXBHcxaOaOXBHBeRtltsDG2nUiUni+jP92M9gYdW12rsmx92UsfpH7o5tDRs7I1ZZPSQJQGv3UaRfCiuw=="],

    "undici-types": ["undici-types@7.19.2", "", {}, "sha512-qYVnV5OEm2AW8cJMCpdV20CDyaN3g0AjDlOGf1OW4iaDEx8MwdtChUp4zu4H0VP3nDRF/8RKWH+IPp9uW0YGZg=="],

    "zod": ["zod@4.4.1", "", {}, "sha512-a6ENMBBGZBsnlSebQ/eKCguSBeGKSf4O7BPnqVPmYGtpBYI7VSqoVqw+QcB7kPRjbqPwhYTpFbVj/RqNz/CT0Q=="],
  }
}
